
Microsoft Visual Studio Solution File, Format Version 12.00
# Visual Studio 15
VisualStudioVersion = 15.0.28307.106
MinimumVisualStudioVersion = 10.0.40219.1
Project("{F2A71F9B-5D33-465A-A702-920D77279786}") = "TaxiFarePrediction", "TaxiFarePrediction\TaxiFarePrediction.fsproj", "{0FD9623D-67CD-40BB-9FD5-1B6993805105}"
EndProject
Global
	GlobalSection(SolutionConfigurationPlatforms) = preSolution
		Debug|Any CPU = Debug|Any CPU
		Release|Any CPU = Release|Any CPU
	EndGlobalSection
	GlobalSection(ProjectConfigurationPlatforms) = postSolution
		{0FD9623D-67CD-40BB-9FD5-1B6993805105}.Debug|Any CPU.ActiveCfg = Debug|Any CPU
		{0FD9623D-67CD-40BB-9FD5-1B6993805105}.Debug|Any CPU.Build.0 = Debug|Any CPU
		{0FD9623D-67CD-40BB-9FD5-1B6993805105}.Release|Any CPU.ActiveCfg = Release|Any CPU
		{0FD9623D-67CD-40BB-9FD5-1B6993805105}.Release|Any CPU.Build.0 = Release|Any CPU
	EndGlobalSection
	GlobalSection(SolutionProperties) = preSolution
		HideSolutionNode = FALSE
	EndGlobalSection
	GlobalSection(ExtensibilityGlobals) = postSolution
		SolutionGuid = {E3680BA0-337F-4D6E-9700-EAD3D9FB5CB5}
	EndGlobalSection
EndGlobal
